
Microsoft Visual Studio Solution File, Format Version 12.00
# Visual Studio Version 17
VisualStudioVersion = 17.13.35913.81 d17.13
MinimumVisualStudioVersion = 10.0.40219.1
Project("{FAE04EC0-301F-11D3-BF4B-00C04F79EFBC}") = "HabitosTracker.Domain", "HabitosTracker.Domain\HabitosTracker.Domain.csproj", "{DFF00B19-0203-403C-8438-A674EC8F5903}"
EndProject
Global
	GlobalSection(SolutionConfigurationPlatforms) = preSolution
		Debug|Any CPU = Debug|Any CPU
		Release|Any CPU = Release|Any CPU
	EndGlobalSection
	GlobalSection(ProjectConfigurationPlatforms) = postSolution
		{DFF00B19-0203-403C-8438-A674EC8F5903}.Debug|Any CPU.ActiveCfg = Debug|Any CPU
		{DFF00B19-0203-403C-8438-A674EC8F5903}.Debug|Any CPU.Build.0 = Debug|Any CPU
		{DFF00B19-0203-403C-8438-A674EC8F5903}.Release|Any CPU.ActiveCfg = Release|Any CPU
		{DFF00B19-0203-403C-8438-A674EC8F5903}.Release|Any CPU.Build.0 = Release|Any CPU
	EndGlobalSection
	GlobalSection(SolutionProperties) = preSolution
		HideSolutionNode = FALSE
	EndGlobalSection
	GlobalSection(ExtensibilityGlobals) = postSolution
		SolutionGuid = {6D973947-8CF1-4307-AA95-7FC2B1EE7872}
	EndGlobalSection
EndGlobal
